NeoBundleLock SrcExpl ba827cb3d2d1e7f0616850f147dfef744215fea2
NeoBundleLock auto-ctags.vim 8b0c0412b04e68d1867fddf342e84e6bd82f91ec
NeoBundleLock jedi-vim 6b7dfe1c1afa9f40df283b2223676ba32f9aa791
NeoBundleLock neobundle.vim 30c40ccbfc6371fb922eece6e0657eb5da9e479b
NeoBundleLock neocomplete.vim d78a119ad8469dfc58754c10eec94bc2791c041a
NeoBundleLock nerdtree 2e2b649232d6ae4d02d74793e5da0ee08480ad8d
NeoBundleLock syntastic f2ade9c2029daf6d2d30a1a82b3d21594d361102
NeoBundleLock tagbar 7b36c46d17d57db34fdb0adac9ba6382d0bb5e66
NeoBundleLock unite.vim e1e58473ef7b8636ccc267987e21646bd7b61af6
